
Microsoft Visual Studio Solution File, Format Version 12.00
# Visual Studio Version 17
VisualStudioVersion = 17.11.35222.181
MinimumVisualStudioVersion = 10.0.40219.1
Project("{FAE04EC0-301F-11D3-BF4B-00C04F79EFBC}") = "NHOM", "NHOM\NHOM.csproj", "{EAE75DD9-638C-464F-A307-F818B710F02E}"
EndProject
Global
	GlobalSection(SolutionConfigurationPlatforms) = preSolution
		Debug|Any CPU = Debug|Any CPU
		Release|Any CPU = Release|Any CPU
	EndGlobalSection
	GlobalSection(ProjectConfigurationPlatforms) = postSolution
		{EAE75DD9-638C-464F-A307-F818B710F02E}.Debug|Any CPU.ActiveCfg = Debug|Any CPU
		{EAE75DD9-638C-464F-A307-F818B710F02E}.Debug|Any CPU.Build.0 = Debug|Any CPU
		{EAE75DD9-638C-464F-A307-F818B710F02E}.Release|Any CPU.ActiveCfg = Release|Any CPU
		{EAE75DD9-638C-464F-A307-F818B710F02E}.Release|Any CPU.Build.0 = Release|Any CPU
	EndGlobalSection
	GlobalSection(SolutionProperties) = preSolution
		HideSolutionNode = FALSE
	EndGlobalSection
	GlobalSection(ExtensibilityGlobals) = postSolution
		SolutionGuid = {4B335369-6F51-488C-8E1E-C14CFE8D50AA}
	EndGlobalSection
EndGlobal
